<?xml version="1.0" encoding="utf-8"?>
<Project ToolsVersion="4.0" xmlns="http://schemas.microsoft.com/developer/msbuild/2003">
  <ItemGroup>
    <Filter Include="Source Files">
      <UniqueIdentifier>{4FC737F1-C7A5-4376-A066-2A32D752A2FF}</UniqueIdentifier>
      <Extensions>cpp;c;cc;cxx;def;odl;idl;hpj;bat;asm;asmx</Extensions>
    </Filter>
    <Filter Include="Header Files">
      <UniqueIdentifier>{93995380-89BD-4b04-88EB-625FBE52EBFB}</UniqueIdentifier>
      <Extensions>h;hpp;hxx;hm;inl;inc;xsd</Extensions>
    </Filter>
    <Filter Include="Resource Files">
      <UniqueIdentifier>{67DA6AB6-F800-4c08-8B7A-83BB121AAD01}</UniqueIdentifier>
      <Extensions>rc;ico;cur;bmp;dlg;rc2;rct;bin;rgs;gif;jpg;jpeg;jpe;resx;tiff;tif;png;wav;mfcribbon-ms</Extensions>
    </Filter>
  </ItemGroup>
  <ItemGroup>
    <None Include="ReadMe.txt" />
  </ItemGroup>
  <ItemGroup>
    <ClInclude Include="..\grbl\config.h">
      <Filter>Header Files</Filter>
    </ClInclude>
    <ClInclude Include="..\grbl\coolant_control.h">
      <Filter>Header Files</Filter>
    </ClInclude>
    <ClInclude Include="..\grbl\cpu_map.h">
      <Filter>Header Files</Filter>
    </ClInclude>
    <ClInclude Include="..\grbl\defaults.h">
      <Filter>Header Files</Filter>
    </ClInclude>
    <ClInclude Include="..\grbl\eeprom.h">
      <Filter>Header Files</Filter>
    </ClInclude>
    <ClInclude Include="..\grbl\gcode.h">
      <Filter>Header Files</Filter>
    </ClInclude>
    <ClInclude Include="..\grbl\grbl.h">
      <Filter>Header Files</Filter>
    </ClInclude>
    <ClInclude Include="..\grbl\jog.h">
      <Filter>Header Files</Filter>
    </ClInclude>
    <ClInclude Include="..\grbl\limits.h">
      <Filter>Header Files</Filter>
    </ClInclude>
    <ClInclude Include="..\grbl\motion_control.h">
      <Filter>Header Files</Filter>
    </ClInclude>
    <ClInclude Include="..\grbl\nuts_bolts.h">
      <Filter>Header Files</Filter>
    </ClInclude>
    <ClInclude Include="..\grbl\planner.h">
      <Filter>Header Files</Filter>
    </ClInclude>
    <ClInclude Include="..\grbl\print.h">
      <Filter>Header Files</Filter>
    </ClInclude>
    <ClInclude Include="..\grbl\probe.h">
      <Filter>Header Files</Filter>
    </ClInclude>
    <ClInclude Include="..\grbl\protocol.h">
      <Filter>Header Files</Filter>
    </ClInclude>
    <ClInclude Include="..\grbl\report.h">
      <Filter>Header Files</Filter>
    </ClInclude>
    <ClInclude Include="..\grbl\serial.h">
      <Filter>Header Files</Filter>
    </ClInclude>
    <ClInclude Include="..\grbl\settings.h">
      <Filter>Header Files</Filter>
    </ClInclude>
    <ClInclude Include="..\grbl\spindle_control.h">
      <Filter>Header Files</Filter>
    </ClInclude>
    <ClInclude Include="..\grbl\stepper.h">
      <Filter>Header Files</Filter>
    </ClInclude>
    <ClInclude Include="..\grbl\system.h">
      <Filter>Header Files</Filter>
    </ClInclude>
  </ItemGroup>
  <ItemGroup>
    <ClCompile Include="..\grbl\coolant_control.c">
      <Filter>Source Files</Filter>
    </ClCompile>
    <ClCompile Include="..\grbl\eeprom.c">
      <Filter>Source Files</Filter>
    </ClCompile>
    <ClCompile Include="..\grbl\gcode.c">
      <Filter>Source Files</Filter>
    </ClCompile>
    <ClCompile Include="..\grbl\jog.c">
      <Filter>Source Files</Filter>
    </ClCompile>
    <ClCompile Include="..\grbl\limits.c">
      <Filter>Source Files</Filter>
    </ClCompile>
    <ClCompile Include="..\grbl\main.c">
      <Filter>Source Files</Filter>
    </ClCompile>
    <ClCompile Include="..\grbl\motion_control.c">
      <Filter>Source Files</Filter>
    </ClCompile>
    <ClCompile Include="..\grbl\nuts_bolts.c">
      <Filter>Source Files</Filter>
    </ClCompile>
    <ClCompile Include="..\grbl\planner.c">
      <Filter>Source Files</Filter>
    </ClCompile>
    <ClCompile Include="..\grbl\print.c">
      <Filter>Source Files</Filter>
    </ClCompile>
    <ClCompile Include="..\grbl\probe.c">
      <Filter>Source Files</Filter>
    </ClCompile>
    <ClCompile Include="..\grbl\protocol.c">
      <Filter>Source Files</Filter>
    </ClCompile>
    <ClCompile Include="..\grbl\report.c">
      <Filter>Source Files</Filter>
    </ClCompile>
    <ClCompile Include="..\grbl\serial.c">
      <Filter>Source Files</Filter>
    </ClCompile>
    <ClCompile Include="..\grbl\settings.c">
      <Filter>Source Files</Filter>
    </ClCompile>
    <ClCompile Include="..\grbl\spindle_control.c">
      <Filter>Source Files</Filter>
    </ClCompile>
    <ClCompile Include="..\grbl\stepper.c">
      <Filter>Source Files</Filter>
    </ClCompile>
    <ClCompile Include="..\grbl\system.c">
      <Filter>Source Files</Filter>
    </ClCompile>
  </ItemGroup>
</Project>